
Microsoft Visual Studio Solution File, Format Version 12.00
# Visual Studio 15
VisualStudioVersion = 15.0.26228.12
MinimumVisualStudioVersion = 10.0.40219.1
Project("{FAE04EC0-301F-11D3-BF4B-00C04F79EFBC}") = "MultiThread", "MultiThread\MultiThread.csproj", "{0A291D02-C7F3-477A-BB0C-F5609BAF3880}"
EndProject
Project("{FAE04EC0-301F-11D3-BF4B-00C04F79EFBC}") = "Arsenal", "Arsenal\Arsenal.csproj", "{1C1A3121-7C73-4E36-87E6-A873ED860095}"
EndProject
Global
	GlobalSection(SolutionConfigurationPlatforms) = preSolution
		Debug|Any CPU = Debug|Any CPU
		Release|Any CPU = Release|Any CPU
	EndGlobalSection
	GlobalSection(ProjectConfigurationPlatforms) = postSolution
		{0A291D02-C7F3-477A-BB0C-F5609BAF3880}.Debug|Any CPU.ActiveCfg = Debug|Any CPU
		{0A291D02-C7F3-477A-BB0C-F5609BAF3880}.Debug|Any CPU.Build.0 = Debug|Any CPU
		{0A291D02-C7F3-477A-BB0C-F5609BAF3880}.Release|Any CPU.ActiveCfg = Release|Any CPU
		{0A291D02-C7F3-477A-BB0C-F5609BAF3880}.Release|Any CPU.Build.0 = Release|Any CPU
		{1C1A3121-7C73-4E36-87E6-A873ED860095}.Debug|Any CPU.ActiveCfg = Debug|Any CPU
		{1C1A3121-7C73-4E36-87E6-A873ED860095}.Debug|Any CPU.Build.0 = Debug|Any CPU
		{1C1A3121-7C73-4E36-87E6-A873ED860095}.Release|Any CPU.ActiveCfg = Release|Any CPU
		{1C1A3121-7C73-4E36-87E6-A873ED860095}.Release|Any CPU.Build.0 = Release|Any CPU
	EndGlobalSection
	GlobalSection(SolutionProperties) = preSolution
		HideSolutionNode = FALSE
	EndGlobalSection
EndGlobal
